// !$*UTF8*$!
{
	archiveVersion = 1;
	classes = {
	};
	objectVersion = 56;
	objects = {

/* Begin PBXBuildFile section */
		7691E6C52C1BE493004A92C2 /* CreateTweetView.swift in Sources */ = {isa = PBXBuildFile; fileRef = 7691E6C42C1BE493004A92C2 /* CreateTweetView.swift */; };
		7691E6C72C1BE742004A92C2 /* MultilineTextField.swift in Sources */ = {isa = PBXBuildFile; fileRef = 7691E6C62C1BE742004A92C2 /* MultilineTextField.swift */; };
		7691E6C92C1C4251004A92C2 /* TweetCellView.swift in Sources */ = {isa = PBXBuildFile; fileRef = 7691E6C82C1C4251004A92C2 /* TweetCellView.swift */; };
		7691E6CB2C1C6CBB004A92C2 /* Search Cell.swift in Sources */ = {isa = PBXBuildFile; fileRef = 7691E6CA2C1C6CBB004A92C2 /* Search Cell.swift */; };
		7691E6CD2C1C6E86004A92C2 /* SearchBar.swift in Sources */ = {isa = PBXBuildFile; fileRef = 7691E6CC2C1C6E86004A92C2 /* SearchBar.swift */; };
		76ACAB9D2C2A902E00913352 /* AuthServices.swift in Sources */ = {isa = PBXBuildFile; fileRef = 76ACAB9C2C2A902E00913352 /* AuthServices.swift */; };
		76ACABA02C2A911600913352 /* AuthViewModel.swift in Sources */ = {isa = PBXBuildFile; fileRef = 76ACAB9E2C2A911600913352 /* AuthViewModel.swift */; };
		76ACABA32C2A913000913352 /* User.swift in Sources */ = {isa = PBXBuildFile; fileRef = 76ACABA12C2A912F00913352 /* User.swift */; };
		76ACABA42C2A913000913352 /* Tweet.swift in Sources */ = {isa = PBXBuildFile; fileRef = 76ACABA22C2A913000913352 /* Tweet.swift */; };
		76ACABA72C2A939B00913352 /* CreateTweetViewModel.swift in Sources */ = {isa = PBXBuildFile; fileRef = 76ACABA62C2A939B00913352 /* CreateTweetViewModel.swift */; };
		76ACABA92C2A95D700913352 /* RequestServices.swift in Sources */ = {isa = PBXBuildFile; fileRef = 76ACABA82C2A95D700913352 /* RequestServices.swift */; };
		76ACABAB2C2ABB8900913352 /* ImagePicker.swift in Sources */ = {isa = PBXBuildFile; fileRef = 76ACABAA2C2ABB8900913352 /* ImagePicker.swift */; };
		76ACABAD2C2AF04F00913352 /* ImageUploader.swift in Sources */ = {isa = PBXBuildFile; fileRef = 76ACABAC2C2AF04F00913352 /* ImageUploader.swift */; };
		76AE719E2C1D40A200E0938E /* SearchUserCell.swift in Sources */ = {isa = PBXBuildFile; fileRef = 76AE719D2C1D40A200E0938E /* SearchUserCell.swift */; };
		76AE71A02C1D469300E0938E /* Extensions.swift in Sources */ = {isa = PBXBuildFile; fileRef = 76AE719F2C1D469300E0938E /* Extensions.swift */; };
		76AE71A22C1D5A9300E0938E /* NotificationCell.swift in Sources */ = {isa = PBXBuildFile; fileRef = 76AE71A12C1D5A9200E0938E /* NotificationCell.swift */; };
		76AE71A42C1D693A00E0938E /* MessageCell.swift in Sources */ = {isa = PBXBuildFile; fileRef = 76AE71A32C1D693A00E0938E /* MessageCell.swift */; };
		76AE71A62C1D86B900E0938E /* TopBar.swift in Sources */ = {isa = PBXBuildFile; fileRef = 76AE71A52C1D86B900E0938E /* TopBar.swift */; };
		76AE71A82C1D89DF00E0938E /* MainView.swift in Sources */ = {isa = PBXBuildFile; fileRef = 76AE71A72C1D89DF00E0938E /* MainView.swift */; };
		76AE71AA2C1D8D4000E0938E /* SlideMenu.swift in Sources */ = {isa = PBXBuildFile; fileRef = 76AE71A92C1D8D4000E0938E /* SlideMenu.swift */; };
		76AE71AC2C1D8ED800E0938E /* FollowView.swift in Sources */ = {isa = PBXBuildFile; fileRef = 76AE71AB2C1D8ED800E0938E /* FollowView.swift */; };
		76AE71AE2C1D959A00E0938E /* MenuButton.swift in Sources */ = {isa = PBXBuildFile; fileRef = 76AE71AD2C1D959A00E0938E /* MenuButton.swift */; };
		76B25A522C1B2BAE005D5832 /* Twitter_CloneApp.swift in Sources */ = {isa = PBXBuildFile; fileRef = 76B25A512C1B2BAE005D5832 /* Twitter_CloneApp.swift */; };
		76B25A542C1B2BAE005D5832 /* ContentView.swift in Sources */ = {isa = PBXBuildFile; fileRef = 76B25A532C1B2BAE005D5832 /* ContentView.swift */; };
		76B25A562C1B2BB1005D5832 /* Assets.xcassets in Resources */ = {isa = PBXBuildFile; fileRef = 76B25A552C1B2BB1005D5832 /* Assets.xcassets */; };
		76B25A5A2C1B2BB1005D5832 /* Preview Assets.xcassets in Resources */ = {isa = PBXBuildFile; fileRef = 76B25A592C1B2BB1005D5832 /* Preview Assets.xcassets */; };
		76B25A6F2C1B2EB7005D5832 /* Home.swift in Sources */ = {isa = PBXBuildFile; fileRef = 76B25A6E2C1B2EB7005D5832 /* Home.swift */; };
		76B25A712C1B30D8005D5832 /* FeedView.swift in Sources */ = {isa = PBXBuildFile; fileRef = 76B25A702C1B30D8005D5832 /* FeedView.swift */; };
		76B25A732C1B30EA005D5832 /* SearchView.swift in Sources */ = {isa = PBXBuildFile; fileRef = 76B25A722C1B30EA005D5832 /* SearchView.swift */; };
		76B25A752C1B3104005D5832 /* NotificationsView.swift in Sources */ = {isa = PBXBuildFile; fileRef = 76B25A742C1B3104005D5832 /* NotificationsView.swift */; };
		76B25A772C1B3110005D5832 /* MessagesView.swift in Sources */ = {isa = PBXBuildFile; fileRef = 76B25A762C1B3110005D5832 /* MessagesView.swift */; };
		76B4ED272C1E9D0900EA530A /* UserProfile.swift in Sources */ = {isa = PBXBuildFile; fileRef = 76B4ED262C1E9D0900EA530A /* UserProfile.swift */; };
		76B4ED2B2C1E9FAB00EA530A /* BlurView.swift in Sources */ = {isa = PBXBuildFile; fileRef = 76B4ED2A2C1E9FAB00EA530A /* BlurView.swift */; };
		76B4ED2D2C1EBED700EA530A /* TabButtons.swift in Sources */ = {isa = PBXBuildFile; fileRef = 76B4ED2C2C1EBED600EA530A /* TabButtons.swift */; };
		76B4ED2F2C1EE59700EA530A /* WelcomeView.swift in Sources */ = {isa = PBXBuildFile; fileRef = 76B4ED2E2C1EE59700EA530A /* WelcomeView.swift */; };
		76B4ED312C1EFCB800EA530A /* RegisterView.swift in Sources */ = {isa = PBXBuildFile; fileRef = 76B4ED302C1EFCB800EA530A /* RegisterView.swift */; };
		76B4ED332C1EFDFC00EA530A /* CustomAuthTextField.swift in Sources */ = {isa = PBXBuildFile; fileRef = 76B4ED322C1EFDFC00EA530A /* CustomAuthTextField.swift */; };
		76B4ED352C1F215300EA530A /* SecureAuthTextField.swift in Sources */ = {isa = PBXBuildFile; fileRef = 76B4ED342C1F215300EA530A /* SecureAuthTextField.swift */; };
		76B4ED372C1F252700EA530A /* LoginView.swift in Sources */ = {isa = PBXBuildFile; fileRef = 76B4ED362C1F252700EA530A /* LoginView.swift */; };
		76D275022C2FB47600F31B2E /* EditProfileView.swift in Sources */ = {isa = PBXBuildFile; fileRef = 76D275012C2FB47600F31B2E /* EditProfileView.swift */; };
		76D68ECA2C2D29B7006F0985 /* FeedViewModel.swift in Sources */ = {isa = PBXBuildFile; fileRef = 76D68EC92C2D29B7006F0985 /* FeedViewModel.swift */; };
		76D68ECD2C2D4546006F0985 /* TweetCellViewModel.swift in Sources */ = {isa = PBXBuildFile; fileRef = 76D68ECC2C2D4546006F0985 /* TweetCellViewModel.swift */; };
		76D68ED02C2D5678006F0985 /* Kingfisher in Frameworks */ = {isa = PBXBuildFile; productRef = 76D68ECF2C2D5678006F0985 /* Kingfisher */; };
/* End PBXBuildFile section */

/* Begin PBXFileReference section */
		7691E6C42C1BE493004A92C2 /* CreateTweetView.swift */ = {isa = PBXFileReference; lastKnownFileType = sourcecode.swift; path = CreateTweetView.swift; sourceTree = "<group>"; };
		7691E6C62C1BE742004A92C2 /* MultilineTextField.swift */ = {isa = PBXFileReference; lastKnownFileType = sourcecode.swift; path = MultilineTextField.swift; sourceTree = "<group>"; };
		7691E6C82C1C4251004A92C2 /* TweetCellView.swift */ = {isa = PBXFileReference; lastKnownFileType = sourcecode.swift; path = TweetCellView.swift; sourceTree = "<group>"; };
		7691E6CA2C1C6CBB004A92C2 /* Search Cell.swift */ = {isa = PBXFileReference; lastKnownFileType = sourcecode.swift; path = "Search Cell.swift"; sourceTree = "<group>"; };
		7691E6CC2C1C6E86004A92C2 /* SearchBar.swift */ = {isa = PBXFileReference; lastKnownFileType = sourcecode.swift; path = SearchBar.swift; sourceTree = "<group>"; };
		76ACAB9C2C2A902E00913352 /* AuthServices.swift */ = {isa = PBXFileReference; fileEncoding = 4; lastKnownFileType = sourcecode.swift; path = AuthServices.swift; sourceTree = "<group>"; };
		76ACAB9E2C2A911600913352 /* AuthViewModel.swift */ = {isa = PBXFileReference; fileEncoding = 4; lastKnownFileType = sourcecode.swift; path = AuthViewModel.swift; sourceTree = "<group>"; };
		76ACABA12C2A912F00913352 /* User.swift */ = {isa = PBXFileReference; fileEncoding = 4; lastKnownFileType = sourcecode.swift; path = User.swift; sourceTree = "<group>"; };
		76ACABA22C2A913000913352 /* Tweet.swift */ = {isa = PBXFileReference; fileEncoding = 4; lastKnownFileType = sourcecode.swift; path = Tweet.swift; sourceTree = "<group>"; };
		76ACABA62C2A939B00913352 /* CreateTweetViewModel.swift */ = {isa = PBXFileReference; lastKnownFileType = sourcecode.swift; path = CreateTweetViewModel.swift; sourceTree = "<group>"; };
		76ACABA82C2A95D700913352 /* RequestServices.swift */ = {isa = PBXFileReference; lastKnownFileType = sourcecode.swift; path = RequestServices.swift; sourceTree = "<group>"; };
		76ACABAA2C2ABB8900913352 /* ImagePicker.swift */ = {isa = PBXFileReference; lastKnownFileType = sourcecode.swift; path = ImagePicker.swift; sourceTree = "<group>"; };
		76ACABAC2C2AF04F00913352 /* ImageUploader.swift */ = {isa = PBXFileReference; lastKnownFileType = sourcecode.swift; path = ImageUploader.swift; sourceTree = "<group>"; };
		76AE719D2C1D40A200E0938E /* SearchUserCell.swift */ = {isa = PBXFileReference; lastKnownFileType = sourcecode.swift; path = SearchUserCell.swift; sourceTree = "<group>"; };
		76AE719F2C1D469300E0938E /* Extensions.swift */ = {isa = PBXFileReference; lastKnownFileType = sourcecode.swift; path = Extensions.swift; sourceTree = "<group>"; };
		76AE71A12C1D5A9200E0938E /* NotificationCell.swift */ = {isa = PBXFileReference; lastKnownFileType = sourcecode.swift; path = NotificationCell.swift; sourceTree = "<group>"; };
		76AE71A32C1D693A00E0938E /* MessageCell.swift */ = {isa = PBXFileReference; lastKnownFileType = sourcecode.swift; path = MessageCell.swift; sourceTree = "<group>"; };
		76AE71A52C1D86B900E0938E /* TopBar.swift */ = {isa = PBXFileReference; lastKnownFileType = sourcecode.swift; path = TopBar.swift; sourceTree = "<group>"; };
		76AE71A72C1D89DF00E0938E /* MainView.swift */ = {isa = PBXFileReference; lastKnownFileType = sourcecode.swift; path = MainView.swift; sourceTree = "<group>"; };
		76AE71A92C1D8D4000E0938E /* SlideMenu.swift */ = {isa = PBXFileReference; lastKnownFileType = sourcecode.swift; path = SlideMenu.swift; sourceTree = "<group>"; };
		76AE71AB2C1D8ED800E0938E /* FollowView.swift */ = {isa = PBXFileReference; lastKnownFileType = sourcecode.swift; path = FollowView.swift; sourceTree = "<group>"; };
		76AE71AD2C1D959A00E0938E /* MenuButton.swift */ = {isa = PBXFileReference; lastKnownFileType = sourcecode.swift; path = MenuButton.swift; sourceTree = "<group>"; };
		76B25A4E2C1B2BAE005D5832 /* Twitter_Clone.app */ = {isa = PBXFileReference; explicitFileType = wrapper.application; includeInIndex = 0; path = Twitter_Clone.app; sourceTree = BUILT_PRODUCTS_DIR; };
		76B25A512C1B2BAE005D5832 /* Twitter_CloneApp.swift */ = {isa = PBXFileReference; lastKnownFileType = sourcecode.swift; path = Twitter_CloneApp.swift; sourceTree = "<group>"; };
		76B25A532C1B2BAE005D5832 /* ContentView.swift */ = {isa = PBXFileReference; lastKnownFileType = sourcecode.swift; path = ContentView.swift; sourceTree = "<group>"; };
		76B25A552C1B2BB1005D5832 /* Assets.xcassets */ = {isa = PBXFileReference; lastKnownFileType = folder.assetcatalog; path = Assets.xcassets; sourceTree = "<group>"; };
		76B25A572C1B2BB1005D5832 /* Twitter_Clone.entitlements */ = {isa = PBXFileReference; lastKnownFileType = text.plist.entitlements; path = Twitter_Clone.entitlements; sourceTree = "<group>"; };
		76B25A592C1B2BB1005D5832 /* Preview Assets.xcassets */ = {isa = PBXFileReference; lastKnownFileType = folder.assetcatalog; path = "Preview Assets.xcassets"; sourceTree = "<group>"; };
		76B25A6E2C1B2EB7005D5832 /* Home.swift */ = {isa = PBXFileReference; lastKnownFileType = sourcecode.swift; path = Home.swift; sourceTree = "<group>"; };
		76B25A702C1B30D8005D5832 /* FeedView.swift */ = {isa = PBXFileReference; lastKnownFileType = sourcecode.swift; path = FeedView.swift; sourceTree = "<group>"; };
		76B25A722C1B30EA005D5832 /* SearchView.swift */ = {isa = PBXFileReference; lastKnownFileType = sourcecode.swift; path = SearchView.swift; sourceTree = "<group>"; };
		76B25A742C1B3104005D5832 /* NotificationsView.swift */ = {isa = PBXFileReference; lastKnownFileType = sourcecode.swift; path = NotificationsView.swift; sourceTree = "<group>"; };
		76B25A762C1B3110005D5832 /* MessagesView.swift */ = {isa = PBXFileReference; lastKnownFileType = sourcecode.swift; path = MessagesView.swift; sourceTree = "<group>"; };
		76B4ED262C1E9D0900EA530A /* UserProfile.swift */ = {isa = PBXFileReference; lastKnownFileType = sourcecode.swift; path = UserProfile.swift; sourceTree = "<group>"; };
		76B4ED2A2C1E9FAB00EA530A /* BlurView.swift */ = {isa = PBXFileReference; lastKnownFileType = sourcecode.swift; path = BlurView.swift; sourceTree = "<group>"; };
		76B4ED2C2C1EBED600EA530A /* TabButtons.swift */ = {isa = PBXFileReference; lastKnownFileType = sourcecode.swift; path = TabButtons.swift; sourceTree = "<group>"; };
		76B4ED2E2C1EE59700EA530A /* WelcomeView.swift */ = {isa = PBXFileReference; lastKnownFileType = sourcecode.swift; path = WelcomeView.swift; sourceTree = "<group>"; };
		76B4ED302C1EFCB800EA530A /* RegisterView.swift */ = {isa = PBXFileReference; lastKnownFileType = sourcecode.swift; path = RegisterView.swift; sourceTree = "<group>"; };
		76B4ED322C1EFDFC00EA530A /* CustomAuthTextField.swift */ = {isa = PBXFileReference; lastKnownFileType = sourcecode.swift; path = CustomAuthTextField.swift; sourceTree = "<group>"; };
		76B4ED342C1F215300EA530A /* SecureAuthTextField.swift */ = {isa = PBXFileReference; lastKnownFileType = sourcecode.swift; path = SecureAuthTextField.swift; sourceTree = "<group>"; };
		76B4ED362C1F252700EA530A /* LoginView.swift */ = {isa = PBXFileReference; lastKnownFileType = sourcecode.swift; path = LoginView.swift; sourceTree = "<group>"; };
		76D275012C2FB47600F31B2E /* EditProfileView.swift */ = {isa = PBXFileReference; lastKnownFileType = sourcecode.swift; path = EditProfileView.swift; sourceTree = "<group>"; };
		76D68EC92C2D29B7006F0985 /* FeedViewModel.swift */ = {isa = PBXFileReference; lastKnownFileType = sourcecode.swift; path = FeedViewModel.swift; sourceTree = "<group>"; };
		76D68ECC2C2D4546006F0985 /* TweetCellViewModel.swift */ = {isa = PBXFileReference; lastKnownFileType = sourcecode.swift; path = TweetCellViewModel.swift; sourceTree = "<group>"; };
/* End PBXFileReference section */

/* Begin PBXFrameworksBuildPhase section */
		76B25A4B2C1B2BAE005D5832 /* Frameworks */ = {
			isa = PBXFrameworksBuildPhase;
			buildActionMask = 2147483647;
			files = (
				76D68ED02C2D5678006F0985 /* Kingfisher in Frameworks */,
			);
			runOnlyForDeploymentPostprocessing = 0;
		};
/* End PBXFrameworksBuildPhase section */

/* Begin PBXGroup section */
		76ACAB9F2C2A911600913352 /* Authentication */ = {
			isa = PBXGroup;
			children = (
				76ACAB9E2C2A911600913352 /* AuthViewModel.swift */,
			);
			path = Authentication;
			sourceTree = "<group>";
		};
		76ACABA52C2A937F00913352 /* Post Tweet */ = {
			isa = PBXGroup;
			children = (
				76ACABA62C2A939B00913352 /* CreateTweetViewModel.swift */,
			);
			path = "Post Tweet";
			sourceTree = "<group>";
		};
		76B25A452C1B2BAE005D5832 = {
			isa = PBXGroup;
			children = (
				76B25A502C1B2BAE005D5832 /* Twitter_Clone */,
				76B25A4F2C1B2BAE005D5832 /* Products */,
			);
			sourceTree = "<group>";
		};
		76B25A4F2C1B2BAE005D5832 /* Products */ = {
			isa = PBXGroup;
			children = (
				76B25A4E2C1B2BAE005D5832 /* Twitter_Clone.app */,
			);
			name = Products;
			sourceTree = "<group>";
		};
		76B25A502C1B2BAE005D5832 /* Twitter_Clone */ = {
			isa = PBXGroup;
			children = (
				76B25A512C1B2BAE005D5832 /* Twitter_CloneApp.swift */,
				76B25A642C1B2DF7005D5832 /* Services */,
				76B25A632C1B2DE1005D5832 /* Extentions */,
				76B25A622C1B2DD6005D5832 /* Model */,
				76B25A612C1B2DBB005D5832 /* ViewModel */,
				76B25A602C1B2DA6005D5832 /* View */,
				76B25A552C1B2BB1005D5832 /* Assets.xcassets */,
				76B25A572C1B2BB1005D5832 /* Twitter_Clone.entitlements */,
				76B25A582C1B2BB1005D5832 /* Preview Content */,
			);
			path = Twitter_Clone;
			sourceTree = "<group>";
		};
		76B25A582C1B2BB1005D5832 /* Preview Content */ = {
			isa = PBXGroup;
			children = (
				76B25A592C1B2BB1005D5832 /* Preview Assets.xcassets */,
			);
			path = "Preview Content";
			sourceTree = "<group>";
		};
		76B25A602C1B2DA6005D5832 /* View */ = {
			isa = PBXGroup;
			children = (
				76B25A6D2C1B2E80005D5832 /* Main */,
				76B25A6C2C1B2E7B005D5832 /* Feed */,
				76B25A6B2C1B2E5A005D5832 /* Search */,
				76B25A6A2C1B2E4E005D5832 /* Notifications */,
				76B25A692C1B2E48005D5832 /* Messages */,
				76B25A682C1B2E2C005D5832 /* Authentication */,
				76B25A672C1B2E19005D5832 /* Items */,
				76B25A662C1B2E13005D5832 /* Post */,
				76B25A652C1B2E03005D5832 /* Profile */,
			);
			path = View;
			sourceTree = "<group>";
		};
		76B25A612C1B2DBB005D5832 /* ViewModel */ = {
			isa = PBXGroup;
			children = (
				76ACABA52C2A937F00913352 /* Post Tweet */,
				76ACAB9F2C2A911600913352 /* Authentication */,
				76D68ECB2C2D29D9006F0985 /* Feed */,
			);
			path = ViewModel;
			sourceTree = "<group>";
		};
		76B25A622C1B2DD6005D5832 /* Model */ = {
			isa = PBXGroup;
			children = (
				76ACABA22C2A913000913352 /* Tweet.swift */,
				76ACABA12C2A912F00913352 /* User.swift */,
			);
			path = Model;
			sourceTree = "<group>";
		};
		76B25A632C1B2DE1005D5832 /* Extentions */ = {
			isa = PBXGroup;
			children = (
				76AE719F2C1D469300E0938E /* Extensions.swift */,
				76ACABAA2C2ABB8900913352 /* ImagePicker.swift */,
			);
			path = Extentions;
			sourceTree = "<group>";
		};
		76B25A642C1B2DF7005D5832 /* Services */ = {
			isa = PBXGroup;
			children = (
				76ACAB9C2C2A902E00913352 /* AuthServices.swift */,
				76ACABA82C2A95D700913352 /* RequestServices.swift */,
				76ACABAC2C2AF04F00913352 /* ImageUploader.swift */,
			);
			path = Services;
			sourceTree = "<group>";
		};
		76B25A652C1B2E03005D5832 /* Profile */ = {
			isa = PBXGroup;
			children = (
				76B4ED262C1E9D0900EA530A /* UserProfile.swift */,
				76D275012C2FB47600F31B2E /* EditProfileView.swift */,
				76B4ED2A2C1E9FAB00EA530A /* BlurView.swift */,
			);
			path = Profile;
			sourceTree = "<group>";
		};
		76B25A662C1B2E13005D5832 /* Post */ = {
			isa = PBXGroup;
			children = (
				7691E6C42C1BE493004A92C2 /* CreateTweetView.swift */,
			);
			path = Post;
			sourceTree = "<group>";
		};
		76B25A672C1B2E19005D5832 /* Items */ = {
			isa = PBXGroup;
			children = (
				7691E6C62C1BE742004A92C2 /* MultilineTextField.swift */,
				76AE71AB2C1D8ED800E0938E /* FollowView.swift */,
				7691E6CC2C1C6E86004A92C2 /* SearchBar.swift */,
				76AE71AD2C1D959A00E0938E /* MenuButton.swift */,
				76B4ED2C2C1EBED600EA530A /* TabButtons.swift */,
				76B4ED322C1EFDFC00EA530A /* CustomAuthTextField.swift */,
				76B4ED342C1F215300EA530A /* SecureAuthTextField.swift */,
			);
			path = Items;
			sourceTree = "<group>";
		};
		76B25A682C1B2E2C005D5832 /* Authentication */ = {
			isa = PBXGroup;
			children = (
				76B25A532C1B2BAE005D5832 /* ContentView.swift */,
				76B4ED2E2C1EE59700EA530A /* WelcomeView.swift */,
				76B4ED302C1EFCB800EA530A /* RegisterView.swift */,
				76B4ED362C1F252700EA530A /* LoginView.swift */,
			);
			path = Authentication;
			sourceTree = "<group>";
		};
		76B25A692C1B2E48005D5832 /* Messages */ = {
			isa = PBXGroup;
			children = (
				76B25A762C1B3110005D5832 /* MessagesView.swift */,
				76AE71A32C1D693A00E0938E /* MessageCell.swift */,
			);
			path = Messages;
			sourceTree = "<group>";
		};
		76B25A6A2C1B2E4E005D5832 /* Notifications */ = {
			isa = PBXGroup;
			children = (
				76B25A742C1B3104005D5832 /* NotificationsView.swift */,
				76AE71A12C1D5A9200E0938E /* NotificationCell.swift */,
			);
			path = Notifications;
			sourceTree = "<group>";
		};
		76B25A6B2C1B2E5A005D5832 /* Search */ = {
			isa = PBXGroup;
			children = (
				76B25A722C1B30EA005D5832 /* SearchView.swift */,
				7691E6CA2C1C6CBB004A92C2 /* Search Cell.swift */,
				76AE719D2C1D40A200E0938E /* SearchUserCell.swift */,
			);
			path = Search;
			sourceTree = "<group>";
		};
		76B25A6C2C1B2E7B005D5832 /* Feed */ = {
			isa = PBXGroup;
			children = (
				76B25A702C1B30D8005D5832 /* FeedView.swift */,
				7691E6C82C1C4251004A92C2 /* TweetCellView.swift */,
			);
			path = Feed;
			sourceTree = "<group>";
		};
		76B25A6D2C1B2E80005D5832 /* Main */ = {
			isa = PBXGroup;
			children = (
				76B25A6E2C1B2EB7005D5832 /* Home.swift */,
				76AE71A92C1D8D4000E0938E /* SlideMenu.swift */,
				76AE71A72C1D89DF00E0938E /* MainView.swift */,
				76AE71A52C1D86B900E0938E /* TopBar.swift */,
			);
			path = Main;
			sourceTree = "<group>";
		};
		76D68ECB2C2D29D9006F0985 /* Feed */ = {
			isa = PBXGroup;
			children = (
				76D68EC92C2D29B7006F0985 /* FeedViewModel.swift */,
				76D68ECC2C2D4546006F0985 /* TweetCellViewModel.swift */,
			);
			path = Feed;
			sourceTree = "<group>";
		};
/* End PBXGroup section */

/* Begin PBXNativeTarget section */
		76B25A4D2C1B2BAE005D5832 /* Twitter_Clone */ = {
			isa = PBXNativeTarget;
			buildConfigurationList = 76B25A5D2C1B2BB1005D5832 /* Build configuration list for PBXNativeTarget "Twitter_Clone" */;
			buildPhases = (
				76B25A4A2C1B2BAE005D5832 /* Sources */,
				76B25A4B2C1B2BAE005D5832 /* Frameworks */,
				76B25A4C2C1B2BAE005D5832 /* Resources */,
			);
			buildRules = (
			);
			dependencies = (
			);
			name = Twitter_Clone;
			packageProductDependencies = (
				76D68ECF2C2D5678006F0985 /* Kingfisher */,
			);
			productName = Twitter_Clone;
			productReference = 76B25A4E2C1B2BAE005D5832 /* Twitter_Clone.app */;
			productType = "com.apple.product-type.application";
		};
/* End PBXNativeTarget section */

/* Begin PBXProject section */
		76B25A462C1B2BAE005D5832 /* Project object */ = {
			isa = PBXProject;
			attributes = {
				BuildIndependentTargetsInParallel = 1;
				LastSwiftUpdateCheck = 1540;
				LastUpgradeCheck = 1540;
				TargetAttributes = {
					76B25A4D2C1B2BAE005D5832 = {
						CreatedOnToolsVersion = 15.4;
					};
				};
			};
			buildConfigurationList = 76B25A492C1B2BAE005D5832 /* Build configuration list for PBXProject "Twitter_Clone" */;
			compatibilityVersion = "Xcode 14.0";
			developmentRegion = en;
			hasScannedForEncodings = 0;
			knownRegions = (
				en,
				Base,
			);
			mainGroup = 76B25A452C1B2BAE005D5832;
			packageReferences = (
				76D68ECE2C2D5678006F0985 /* XCRemoteSwiftPackageReference "Kingfisher" */,
			);
			productRefGroup = 76B25A4F2C1B2BAE005D5832 /* Products */;
			projectDirPath = "";
			projectRoot = "";
			targets = (
				76B25A4D2C1B2BAE005D5832 /* Twitter_Clone */,
			);
		};
/* End PBXProject section */

/* Begin PBXResourcesBuildPhase section */
		76B25A4C2C1B2BAE005D5832 /* Resources */ = {
			isa = PBXResourcesBuildPhase;
			buildActionMask = 2147483647;
			files = (
				76B25A5A2C1B2BB1005D5832 /* Preview Assets.xcassets in Resources */,
				76B25A562C1B2BB1005D5832 /* Assets.xcassets in Resources */,
			);
			runOnlyForDeploymentPostprocessing = 0;
		};
/* End PBXResourcesBuildPhase section */

/* Begin PBXSourcesBuildPhase section */
		76B25A4A2C1B2BAE005D5832 /* Sources */ = {
			isa = PBXSourcesBuildPhase;
			buildActionMask = 2147483647;
			files = (
				76D68ECA2C2D29B7006F0985 /* FeedViewModel.swift in Sources */,
				7691E6C92C1C4251004A92C2 /* TweetCellView.swift in Sources */,
				76B4ED372C1F252700EA530A /* LoginView.swift in Sources */,
				76AE71A82C1D89DF00E0938E /* MainView.swift in Sources */,
				76B4ED2B2C1E9FAB00EA530A /* BlurView.swift in Sources */,
				76ACABA32C2A913000913352 /* User.swift in Sources */,
				76AE71AE2C1D959A00E0938E /* MenuButton.swift in Sources */,
				76AE71A42C1D693A00E0938E /* MessageCell.swift in Sources */,
				7691E6C52C1BE493004A92C2 /* CreateTweetView.swift in Sources */,
				7691E6CB2C1C6CBB004A92C2 /* Search Cell.swift in Sources */,
				76D275022C2FB47600F31B2E /* EditProfileView.swift in Sources */,
				76AE71AA2C1D8D4000E0938E /* SlideMenu.swift in Sources */,
				76B25A732C1B30EA005D5832 /* SearchView.swift in Sources */,
				76B4ED2D2C1EBED700EA530A /* TabButtons.swift in Sources */,
				76AE719E2C1D40A200E0938E /* SearchUserCell.swift in Sources */,
				76B25A712C1B30D8005D5832 /* FeedView.swift in Sources */,
				7691E6CD2C1C6E86004A92C2 /* SearchBar.swift in Sources */,
				76B25A542C1B2BAE005D5832 /* ContentView.swift in Sources */,
				76ACAB9D2C2A902E00913352 /* AuthServices.swift in Sources */,
				76AE71A62C1D86B900E0938E /* TopBar.swift in Sources */,
				76B4ED332C1EFDFC00EA530A /* CustomAuthTextField.swift in Sources */,
				76B4ED312C1EFCB800EA530A /* RegisterView.swift in Sources */,
				76B25A6F2C1B2EB7005D5832 /* Home.swift in Sources */,
				76ACABAB2C2ABB8900913352 /* ImagePicker.swift in Sources */,
				76ACABA42C2A913000913352 /* Tweet.swift in Sources */,
				76AE71AC2C1D8ED800E0938E /* FollowView.swift in Sources */,
				76ACABA92C2A95D700913352 /* RequestServices.swift in Sources */,
				76B25A772C1B3110005D5832 /* MessagesView.swift in Sources */,
				76B4ED272C1E9D0900EA530A /* UserProfile.swift in Sources */,
				7691E6C72C1BE742004A92C2 /* MultilineTextField.swift in Sources */,
				76B4ED352C1F215300EA530A /* SecureAuthTextField.swift in Sources */,
				76B4ED2F2C1EE59700EA530A /* WelcomeView.swift in Sources */,
				76ACABA02C2A911600913352 /* AuthViewModel.swift in Sources */,
				76B25A522C1B2BAE005D5832 /* Twitter_CloneApp.swift in Sources */,
				76ACABA72C2A939B00913352 /* CreateTweetViewModel.swift in Sources */,
				76B25A752C1B3104005D5832 /* NotificationsView.swift in Sources */,
				76ACABAD2C2AF04F00913352 /* ImageUploader.swift in Sources */,
				76D68ECD2C2D4546006F0985 /* TweetCellViewModel.swift in Sources */,
				76AE71A22C1D5A9300E0938E /* NotificationCell.swift in Sources */,
				76AE71A02C1D469300E0938E /* Extensions.swift in Sources */,
			);
			runOnlyForDeploymentPostprocessing = 0;
		};
/* End PBXSourcesBuildPhase section */

/* Begin XCBuildConfiguration section */
		76B25A5B2C1B2BB1005D5832 /* Debug */ = {
			isa = XCBuildConfiguration;
			buildSettings = {
				ALWAYS_SEARCH_USER_PATHS = NO;
				ASSETCATALOG_COMPILER_GENERATE_SWIFT_ASSET_SYMBOL_EXTENSIONS = YES;
				CLANG_ANALYZER_NONNULL = YES;
				CLANG_ANALYZER_NUMBER_OBJECT_CONVERSION = YES_AGGRESSIVE;
				CLANG_CXX_LANGUAGE_STANDARD = "gnu++20";
				CLANG_ENABLE_MODULES = YES;
				CLANG_ENABLE_OBJC_ARC = YES;
				CLANG_ENABLE_OBJC_WEAK = YES;
				CLANG_WARN_BLOCK_CAPTURE_AUTORELEASING = YES;
				CLANG_WARN_BOOL_CONVERSION = YES;
				CLANG_WARN_COMMA = YES;
				CLANG_WARN_CONSTANT_CONVERSION = YES;
				CLANG_WARN_DEPRECATED_OBJC_IMPLEMENTATIONS = YES;
				CLANG_WARN_DIRECT_OBJC_ISA_USAGE = YES_ERROR;
				CLANG_WARN_DOCUMENTATION_COMMENTS = YES;
				CLANG_WARN_EMPTY_BODY = YES;
				CLANG_WARN_ENUM_CONVERSION = YES;
				CLANG_WARN_INFINITE_RECURSION = YES;
				CLANG_WARN_INT_CONVERSION = YES;
				CLANG_WARN_NON_LITERAL_NULL_CONVERSION = YES;
				CLANG_WARN_OBJC_IMPLICIT_RETAIN_SELF = YES;
				CLANG_WARN_OBJC_LITERAL_CONVERSION = YES;
				CLANG_WARN_OBJC_ROOT_CLASS = YES_ERROR;
				CLANG_WARN_QUOTED_INCLUDE_IN_FRAMEWORK_HEADER = YES;
				CLANG_WARN_RANGE_LOOP_ANALYSIS = YES;
				CLANG_WARN_STRICT_PROTOTYPES = YES;
				CLANG_WARN_SUSPICIOUS_MOVE = YES;
				CLANG_WARN_UNGUARDED_AVAILABILITY = YES_AGGRESSIVE;
				CLANG_WARN_UNREACHABLE_CODE = YES;
				CLANG_WARN__DUPLICATE_METHOD_MATCH = YES;
				COPY_PHASE_STRIP = NO;
				DEBUG_INFORMATION_FORMAT = dwarf;
				ENABLE_STRICT_OBJC_MSGSEND = YES;
				ENABLE_TESTABILITY = YES;
				ENABLE_USER_SCRIPT_SANDBOXING = YES;
				GCC_C_LANGUAGE_STANDARD = gnu17;
				GCC_DYNAMIC_NO_PIC = NO;
				GCC_NO_COMMON_BLOCKS = YES;
				GCC_OPTIMIZATION_LEVEL = 0;
				GCC_PREPROCESSOR_DEFINITIONS = (
					"DEBUG=1",
					"$(inherited)",
				);
				GCC_WARN_64_TO_32_BIT_CONVERSION = YES;
				GCC_WARN_ABOUT_RETURN_TYPE = YES_ERROR;
				GCC_WARN_UNDECLARED_SELECTOR = YES;
				GCC_WARN_UNINITIALIZED_AUTOS = YES_AGGRESSIVE;
				GCC_WARN_UNUSED_FUNCTION = YES;
				GCC_WARN_UNUSED_VARIABLE = YES;
				LOCALIZATION_PREFERS_STRING_CATALOGS = YES;
				MTL_ENABLE_DEBUG_INFO = INCLUDE_SOURCE;
				MTL_FAST_MATH = YES;
				ONLY_ACTIVE_ARCH = YES;
				SWIFT_ACTIVE_COMPILATION_CONDITIONS = "DEBUG $(inherited)";
				SWIFT_OPTIMIZATION_LEVEL = "-Onone";
			};
			name = Debug;
		};
		76B25A5C2C1B2BB1005D5832 /* Release */ = {
			isa = XCBuildConfiguration;
			buildSettings = {
				ALWAYS_SEARCH_USER_PATHS = NO;
				ASSETCATALOG_COMPILER_GENERATE_SWIFT_ASSET_SYMBOL_EXTENSIONS = YES;
				CLANG_ANALYZER_NONNULL = YES;
				CLANG_ANALYZER_NUMBER_OBJECT_CONVERSION = YES_AGGRESSIVE;
				CLANG_CXX_LANGUAGE_STANDARD = "gnu++20";
				CLANG_ENABLE_MODULES = YES;
				CLANG_ENABLE_OBJC_ARC = YES;
				CLANG_ENABLE_OBJC_WEAK = YES;
				CLANG_WARN_BLOCK_CAPTURE_AUTORELEASING = YES;
				CLANG_WARN_BOOL_CONVERSION = YES;
				CLANG_WARN_COMMA = YES;
				CLANG_WARN_CONSTANT_CONVERSION = YES;
				CLANG_WARN_DEPRECATED_OBJC_IMPLEMENTATIONS = YES;
				CLANG_WARN_DIRECT_OBJC_ISA_USAGE = YES_ERROR;
				CLANG_WARN_DOCUMENTATION_COMMENTS = YES;
				CLANG_WARN_EMPTY_BODY = YES;
				CLANG_WARN_ENUM_CONVERSION = YES;
				CLANG_WARN_INFINITE_RECURSION = YES;
				CLANG_WARN_INT_CONVERSION = YES;
				CLANG_WARN_NON_LITERAL_NULL_CONVERSION = YES;
				CLANG_WARN_OBJC_IMPLICIT_RETAIN_SELF = YES;
				CLANG_WARN_OBJC_LITERAL_CONVERSION = YES;
				CLANG_WARN_OBJC_ROOT_CLASS = YES_ERROR;
				CLANG_WARN_QUOTED_INCLUDE_IN_FRAMEWORK_HEADER = YES;
				CLANG_WARN_RANGE_LOOP_ANALYSIS = YES;
				CLANG_WARN_STRICT_PROTOTYPES = YES;
				CLANG_WARN_SUSPICIOUS_MOVE = YES;
				CLANG_WARN_UNGUARDED_AVAILABILITY = YES_AGGRESSIVE;
				CLANG_WARN_UNREACHABLE_CODE = YES;
				CLANG_WARN__DUPLICATE_METHOD_MATCH = YES;
				COPY_PHASE_STRIP = NO;
				DEBUG_INFORMATION_FORMAT = "dwarf-with-dsym";
				ENABLE_NS_ASSERTIONS = NO;
				ENABLE_STRICT_OBJC_MSGSEND = YES;
				ENABLE_USER_SCRIPT_SANDBOXING = YES;
				GCC_C_LANGUAGE_STANDARD = gnu17;
				GCC_NO_COMMON_BLOCKS = YES;
				GCC_WARN_64_TO_32_BIT_CONVERSION = YES;
				GCC_WARN_ABOUT_RETURN_TYPE = YES_ERROR;
				GCC_WARN_UNDECLARED_SELECTOR = YES;
				GCC_WARN_UNINITIALIZED_AUTOS = YES_AGGRESSIVE;
				GCC_WARN_UNUSED_FUNCTION = YES;
				GCC_WARN_UNUSED_VARIABLE = YES;
				LOCALIZATION_PREFERS_STRING_CATALOGS = YES;
				MTL_ENABLE_DEBUG_INFO = NO;
				MTL_FAST_MATH = YES;
				SWIFT_COMPILATION_MODE = wholemodule;
			};
			name = Release;
		};
		76B25A5E2C1B2BB1005D5832 /* Debug */ = {
			isa = XCBuildConfiguration;
			buildSettings = {
				ASSETCATALOG_COMPILER_APPICON_NAME = AppIcon;
				ASSETCATALOG_COMPILER_GLOBAL_ACCENT_COLOR_NAME = AccentColor;
				CODE_SIGN_ENTITLEMENTS = Twitter_Clone/Twitter_Clone.entitlements;
				CODE_SIGN_STYLE = Automatic;
				CURRENT_PROJECT_VERSION = 1;
				DEVELOPMENT_ASSET_PATHS = "\"Twitter_Clone/Preview Content\"";
				DEVELOPMENT_TEAM = 9YC7UP4F29;
				ENABLE_HARDENED_RUNTIME = YES;
				ENABLE_PREVIEWS = YES;
				GENERATE_INFOPLIST_FILE = YES;
				"INFOPLIST_KEY_UIApplicationSceneManifest_Generation[sdk=iphoneos*]" = YES;
				"INFOPLIST_KEY_UIApplicationSceneManifest_Generation[sdk=iphonesimulator*]" = YES;
				"INFOPLIST_KEY_UIApplicationSupportsIndirectInputEvents[sdk=iphoneos*]" = YES;
				"INFOPLIST_KEY_UIApplicationSupportsIndirectInputEvents[sdk=iphonesimulator*]" = YES;
				"INFOPLIST_KEY_UILaunchScreen_Generation[sdk=iphoneos*]" = YES;
				"INFOPLIST_KEY_UILaunchScreen_Generation[sdk=iphonesimulator*]" = YES;
				"INFOPLIST_KEY_UIStatusBarStyle[sdk=iphoneos*]" = UIStatusBarStyleDefault;
				"INFOPLIST_KEY_UIStatusBarStyle[sdk=iphonesimulator*]" = UIStatusBarStyleDefault;
				INFOPLIST_KEY_UISupportedInterfaceOrientations_iPad = "UIInterfaceOrientationPortrait UIInterfaceOrientationPortraitUpsideDown UIInterfaceOrientationLandscapeLeft UIInterfaceOrientationLandscapeRight";
				INFOPLIST_KEY_UISupportedInterfaceOrientations_iPhone = "UIInterfaceOrientationPortrait UIInterfaceOrientationLandscapeLeft UIInterfaceOrientationLandscapeRight";
				IPHONEOS_DEPLOYMENT_TARGET = 17.5;
				LD_RUNPATH_SEARCH_PATHS = "@executable_path/Frameworks";
				"LD_RUNPATH_SEARCH_PATHS[sdk=macosx*]" = "@executable_path/../Frameworks";
				MACOSX_DEPLOYMENT_TARGET = 14.5;
				MARKETING_VERSION = 1.0;
				PRODUCT_BUNDLE_IDENTIFIER = "com.iOSMasterMind.Twitter-Clone";
				PRODUCT_NAME = "$(TARGET_NAME)";
				SDKROOT = auto;
				SUPPORTED_PLATFORMS = "iphoneos iphonesimulator macosx";
				SWIFT_EMIT_LOC_STRINGS = YES;
				SWIFT_VERSION = 5.0;
				TARGETED_DEVICE_FAMILY = "1,2";
			};
			name = Debug;
		};
		76B25A5F2C1B2BB1005D5832 /* Release */ = {
			isa = XCBuildConfiguration;
			buildSettings = {
				ASSETCATALOG_COMPILER_APPICON_NAME = AppIcon;
				ASSETCATALOG_COMPILER_GLOBAL_ACCENT_COLOR_NAME = AccentColor;
				CODE_SIGN_ENTITLEMENTS = Twitter_Clone/Twitter_Clone.entitlements;
				CODE_SIGN_STYLE = Automatic;
				CURRENT_PROJECT_VERSION = 1;
				DEVELOPMENT_ASSET_PATHS = "\"Twitter_Clone/Preview Content\"";
				DEVELOPMENT_TEAM = 9YC7UP4F29;
				ENABLE_HARDENED_RUNTIME = YES;
				ENABLE_PREVIEWS = YES;
				GENERATE_INFOPLIST_FILE = YES;
				"INFOPLIST_KEY_UIApplicationSceneManifest_Generation[sdk=iphoneos*]" = YES;
				"INFOPLIST_KEY_UIApplicationSceneManifest_Generation[sdk=iphonesimulator*]" = YES;
				"INFOPLIST_KEY_UIApplicationSupportsIndirectInputEvents[sdk=iphoneos*]" = YES;
				"INFOPLIST_KEY_UIApplicationSupportsIndirectInputEvents[sdk=iphonesimulator*]" = YES;
				"INFOPLIST_KEY_UILaunchScreen_Generation[sdk=iphoneos*]" = YES;
				"INFOPLIST_KEY_UILaunchScreen_Generation[sdk=iphonesimulator*]" = YES;
				"INFOPLIST_KEY_UIStatusBarStyle[sdk=iphoneos*]" = UIStatusBarStyleDefault;
				"INFOPLIST_KEY_UIStatusBarStyle[sdk=iphonesimulator*]" = UIStatusBarStyleDefault;
				INFOPLIST_KEY_UISupportedInterfaceOrientations_iPad = "UIInterfaceOrientationPortrait UIInterfaceOrientationPortraitUpsideDown UIInterfaceOrientationLandscapeLeft UIInterfaceOrientationLandscapeRight";
				INFOPLIST_KEY_UISupportedInterfaceOrientations_iPhone = "UIInterfaceOrientationPortrait UIInterfaceOrientationLandscapeLeft UIInterfaceOrientationLandscapeRight";
				IPHONEOS_DEPLOYMENT_TARGET = 17.5;
				LD_RUNPATH_SEARCH_PATHS = "@executable_path/Frameworks";
				"LD_RUNPATH_SEARCH_PATHS[sdk=macosx*]" = "@executable_path/../Frameworks";
				MACOSX_DEPLOYMENT_TARGET = 14.5;
				MARKETING_VERSION = 1.0;
				PRODUCT_BUNDLE_IDENTIFIER = "com.iOSMasterMind.Twitter-Clone";
				PRODUCT_NAME = "$(TARGET_NAME)";
				SDKROOT = auto;
				SUPPORTED_PLATFORMS = "iphoneos iphonesimulator macosx";
				SWIFT_EMIT_LOC_STRINGS = YES;
				SWIFT_VERSION = 5.0;
				TARGETED_DEVICE_FAMILY = "1,2";
			};
			name = Release;
		};
/* End XCBuildConfiguration section */

/* Begin XCConfigurationList section */
		76B25A492C1B2BAE005D5832 /* Build configuration list for PBXProject "Twitter_Clone" */ = {
			isa = XCConfigurationList;
			buildConfigurations = (
				76B25A5B2C1B2BB1005D5832 /* Debug */,
				76B25A5C2C1B2BB1005D5832 /* Release */,
			);
			defaultConfigurationIsVisible = 0;
			defaultConfigurationName = Release;
		};
		76B25A5D2C1B2BB1005D5832 /* Build configuration list for PBXNativeTarget "Twitter_Clone" */ = {
			isa = XCConfigurationList;
			buildConfigurations = (
				76B25A5E2C1B2BB1005D5832 /* Debug */,
				76B25A5F2C1B2BB1005D5832 /* Release */,
			);
			defaultConfigurationIsVisible = 0;
			defaultConfigurationName = Release;
		};
/* End XCConfigurationList section */

/* Begin XCRemoteSwiftPackageReference section */
		76D68ECE2C2D5678006F0985 /* XCRemoteSwiftPackageReference "Kingfisher" */ = {
			isa = XCRemoteSwiftPackageReference;
			repositoryURL = "https://github.com/onevcat/Kingfisher.git";
			requirement = {
				kind = upToNextMajorVersion;
				minimumVersion = 7.12.0;
			};
		};
/* End XCRemoteSwiftPackageReference section */

/* Begin XCSwiftPackageProductDependency section */
		76D68ECF2C2D5678006F0985 /* Kingfisher */ = {
			isa = XCSwiftPackageProductDependency;
			package = 76D68ECE2C2D5678006F0985 /* XCRemoteSwiftPackageReference "Kingfisher" */;
			productName = Kingfisher;
		};
/* End XCSwiftPackageProductDependency section */
	};
	rootObject = 76B25A462C1B2BAE005D5832 /* Project object */;
}
